# Generated by pub
# See https://dart.dev/tools/pub/glossary#lockfile
packages:
  archive:
    dependency: transitive
    description:
      name: archive
      sha256: "0c8368c9b3f0abbc193b9d6133649a614204b528982bebc7026372d61677ce3a"
      url: "https://pub.dev"
    source: hosted
    version: "3.3.7"
  args:
    dependency: transitive
    description:
      name: args
      sha256: "4cab82a83ffef80b262ddedf47a0a8e56ee6fbf7fe21e6e768b02792034dd440"
      url: "https://pub.dev"
    source: hosted
    version: "2.4.0"
  async:
    dependency: transitive
    description:
      name: async
      sha256: "947bfcf187f74dbc5e146c9eb9c0f10c9f8b30743e341481c1e2ed3ecc18c20c"
      url: "https://pub.dev"
    source: hosted
    version: "2.11.0"
  boolean_selector:
    dependency: transitive
    description:
      name: boolean_selector
      sha256: "6cfb5af12253eaf2b368f07bacc5a80d1301a071c73360d746b7f2e32d762c66"
      url: "https://pub.dev"
    source: hosted
    version: "2.1.1"
  characters:
    dependency: transitive
    description:
      name: characters
      sha256: "04a925763edad70e8443c99234dc3328f442e811f1d8fd1a72f1c8ad0f69a605"
      url: "https://pub.dev"
    source: hosted
    version: "1.3.0"
  charcode:
    dependency: transitive
    description:
      name: charcode
      sha256: fb98c0f6d12c920a02ee2d998da788bca066ca5f148492b7085ee23372b12306
      url: "https://pub.dev"
    source: hosted
    version: "1.3.1"
  checked_yaml:
    dependency: transitive
    description:
      name: checked_yaml
      sha256: "3d1505d91afa809d177efd4eed5bb0eb65805097a1463abdd2add076effae311"
      url: "https://pub.dev"
    source: hosted
    version: "2.0.2"
  cli_util:
    dependency: transitive
    description:
      name: cli_util
      sha256: "66f86e916d285c1a93d3b79587d94bd71984a66aac4ff74e524cfa7877f1395c"
      url: "https://pub.dev"
    source: hosted
    version: "0.3.5"
  clock:
    dependency: transitive
    description:
      name: clock
      sha256: cb6d7f03e1de671e34607e909a7213e31d7752be4fb66a86d29fe1eb14bfb5cf
      url: "https://pub.dev"
    source: hosted
    version: "1.1.1"
  collection:
    dependency: transitive
    description:
      name: collection
      sha256: f092b211a4319e98e5ff58223576de6c2803db36221657b46c82574721240687
      url: "https://pub.dev"
    source: hosted
    version: "1.17.2"
  convert:
    dependency: transitive
    description:
      name: convert
      sha256: "0f08b14755d163f6e2134cb58222dd25ea2a2ee8a195e53983d57c075324d592"
      url: "https://pub.dev"
    source: hosted
    version: "3.1.1"
  crypto:
    dependency: transitive
    description:
      name: crypto
      sha256: aa274aa7774f8964e4f4f38cc994db7b6158dd36e9187aaceaddc994b35c6c67
      url: "https://pub.dev"
    source: hosted
    version: "3.0.2"
  cupertino_icons:
    dependency: "direct main"
    description:
      name: cupertino_icons
      sha256: "1989d917fbe8e6b39806207df5a3fdd3d816cbd090fac2ce26fb45e9a71476e5"
      url: "https://pub.dev"
    source: hosted
    version: "1.0.4"
  fake_async:
    dependency: transitive
    description:
      name: fake_async
      sha256: "511392330127add0b769b75a987850d136345d9227c6b94c96a04cf4a391bf78"
      url: "https://pub.dev"
    source: hosted
    version: "1.3.1"
  flutter:
    dependency: "direct main"
    description: flutter
    source: sdk
    version: "0.0.0"
  flutter_colorpicker:
    dependency: "direct main"
    description:
      name: flutter_colorpicker
      sha256: e69dc0ccf69d394e5c207d050bafa2ce1eb9b6bb6729f2b9f5833000709710b9
      url: "https://pub.dev"
    source: hosted
    version: "0.4.0"
  flutter_launcher_icons:
    dependency: "direct dev"
    description:
      name: flutter_launcher_icons
      sha256: ce0e501cfc258907842238e4ca605e74b7fd1cdf04b3b43e86c43f3e40a1592c
      url: "https://pub.dev"
    source: hosted
    version: "0.11.0"
  flutter_lints:
    dependency: "direct dev"
    description:
      name: flutter_lints
      sha256: b543301ad291598523947dc534aaddc5aaad597b709d2426d3a0e0d44c5cb493
      url: "https://pub.dev"
    source: hosted
    version: "1.0.4"
  flutter_plugin_android_lifecycle:
    dependency: transitive
    description:
      name: flutter_plugin_android_lifecycle
      sha256: c224ac897bed083dabf11f238dd11a239809b446740be0c2044608c50029ffdf
      url: "https://pub.dev"
    source: hosted
    version: "2.0.9"
  flutter_spinkit:
    dependency: "direct main"
    description:
      name: flutter_spinkit
      sha256: "77a2117c0517ff909221f3160b8eb20052ab5216107581168af574ac1f05dff8"
      url: "https://pub.dev"
    source: hosted
    version: "5.1.0"
  flutter_svg:
    dependency: "direct main"
    description:
      name: flutter_svg
      sha256: c9bb2757b8a0bbf8e45f4069a90d2b9dbafc80b1a5e28d43e29088be533e6df4
      url: "https://pub.dev"
    source: hosted
    version: "1.0.3"
  flutter_test:
    dependency: "direct dev"
    description: flutter
    source: sdk
    version: "0.0.0"
  flutter_web_plugins:
    dependency: transitive
    description: flutter
    source: sdk
    version: "0.0.0"
  geolocator:
    dependency: "direct main"
    description:
      name: geolocator
      sha256: "5c23f3613f50586c0bbb2b8f970240ae66b3bd992088cf60dd5ee2e6f7dde3a8"
      url: "https://pub.dev"
    source: hosted
    version: "9.0.2"
  geolocator_android:
    dependency: transitive
    description:
      name: geolocator_android
      sha256: "2ba24690aee0a3e1b6b7bd47c2711a50c874e95e4c758346589d35194adf6d6a"
      url: "https://pub.dev"
    source: hosted
    version: "4.1.7"
  geolocator_apple:
    dependency: transitive
    description:
      name: geolocator_apple
      sha256: "22b60ca3b8c0f58e6a9688ff855ee39ab813ca3f0c0609a48d282f6631266f2e"
      url: "https://pub.dev"
    source: hosted
    version: "2.2.5"
  geolocator_platform_interface:
    dependency: transitive
    description:
      name: geolocator_platform_interface
      sha256: af4d69231452f9620718588f41acc4cb58312368716bfff2e92e770b46ce6386
      url: "https://pub.dev"
    source: hosted
    version: "4.0.7"
  geolocator_web:
    dependency: transitive
    description:
      name: geolocator_web
      sha256: f68a122da48fcfff68bbc9846bb0b74ef651afe84a1b1f6ec20939de4d6860e1
      url: "https://pub.dev"
    source: hosted
    version: "2.1.6"
  geolocator_windows:
    dependency: transitive
    description:
      name: geolocator_windows
      sha256: f5911c88e23f48b598dd506c7c19eff0e001645bdc03bb6fecb9f4549208354d
      url: "https://pub.dev"
    source: hosted
    version: "0.1.1"
  google_maps_flutter:
    dependency: "direct main"
    description:
      name: google_maps_flutter
      sha256: "24392ef192f3b00bcd93151375676805a9933574423a5bd5509a0ead2e8a4215"
      url: "https://pub.dev"
    source: hosted
    version: "2.2.5"
  google_maps_flutter_android:
    dependency: transitive
    description:
      name: google_maps_flutter_android
      sha256: ee3c1a63983b8ba17a9a7c1233c3542fbfbc0ebf540d3aa9b8fd5162681e0219
      url: "https://pub.dev"
    source: hosted
    version: "2.4.10"
  google_maps_flutter_ios:
    dependency: transitive
    description:
      name: google_maps_flutter_ios
      sha256: e9ad74415a222573625a2c1717adc1e375b18e8ce660fc12db734d1bda1132d4
      url: "https://pub.dev"
    source: hosted
    version: "2.2.1"
  google_maps_flutter_platform_interface:
    dependency: transitive
    description:
      name: google_maps_flutter_platform_interface
      sha256: a07811d2b82055815ede75e1fe4b7b76f71a0b4820b26f71bdaddd157d6a3e20
      url: "https://pub.dev"
    source: hosted
    version: "2.2.6"
  http:
    dependency: "direct main"
    description:
      name: http
      sha256: "2ed163531e071c2c6b7c659635112f24cb64ecbebf6af46b550d536c0b1aa112"
      url: "https://pub.dev"
    source: hosted
    version: "0.13.4"
  http_parser:
    dependency: transitive
    description:
      name: http_parser
      sha256: e362d639ba3bc07d5a71faebb98cde68c05bfbcfbbb444b60b6f60bb67719185
      url: "https://pub.dev"
    source: hosted
    version: "4.0.0"
  image:
    dependency: transitive
    description:
      name: image
      sha256: "02bafd3b4f399bfeb10034deba9753d93b55ce41cd0c4d3d8b355626f80e5b32"
      url: "https://pub.dev"
    source: hosted
    version: "3.1.3"
  intl:
    dependency: "direct main"
    description:
      name: intl
      sha256: "910f85bce16fb5c6f614e117efa303e85a1731bb0081edf3604a2ae6e9a3cc91"
      url: "https://pub.dev"
    source: hosted
    version: "0.17.0"
  js:
    dependency: transitive
    description:
      name: js
      sha256: a5e201311cb08bf3912ebbe9a2be096e182d703f881136ec1e81a2338a9e120d
      url: "https://pub.dev"
    source: hosted
    version: "0.6.4"
  json_annotation:
    dependency: transitive
    description:
      name: json_annotation
      sha256: c33da08e136c3df0190bd5bbe51ae1df4a7d96e7954d1d7249fea2968a72d317
      url: "https://pub.dev"
    source: hosted
    version: "4.8.0"
  lints:
    dependency: transitive
    description:
      name: lints
      sha256: a2c3d198cb5ea2e179926622d433331d8b58374ab8f29cdda6e863bd62fd369c
      url: "https://pub.dev"
    source: hosted
    version: "1.0.1"
  matcher:
    dependency: transitive
    description:
      name: matcher
      sha256: "1803e76e6653768d64ed8ff2e1e67bea3ad4b923eb5c56a295c3e634bad5960e"
      url: "https://pub.dev"
    source: hosted
    version: "0.12.16"
  material_color_utilities:
    dependency: transitive
    description:
      name: material_color_utilities
      sha256: "9528f2f296073ff54cb9fee677df673ace1218163c3bc7628093e7eed5203d41"
      url: "https://pub.dev"
    source: hosted
    version: "0.5.0"
  meta:
    dependency: transitive
    description:
      name: meta
      sha256: "3c74dbf8763d36539f114c799d8a2d87343b5067e9d796ca22b5eb8437090ee3"
      url: "https://pub.dev"
    source: hosted
    version: "1.9.1"
  nested:
    dependency: transitive
    description:
      name: nested
      sha256: "03bac4c528c64c95c722ec99280375a6f2fc708eec17c7b3f07253b626cd2a20"
      url: "https://pub.dev"
    source: hosted
    version: "1.0.0"
  path:
    dependency: transitive
    description:
      name: path
      sha256: "8829d8a55c13fc0e37127c29fedf290c102f4e40ae94ada574091fe0ff96c917"
      url: "https://pub.dev"
    source: hosted
    version: "1.8.3"
  path_drawing:
    dependency: transitive
    description:
      name: path_drawing
      sha256: a19347362f85a45aadf6bdfa3c04f18ff6676c445375eecd6251f9e09b9db551
      url: "https://pub.dev"
    source: hosted
    version: "1.0.0"
  path_parsing:
    dependency: transitive
    description:
      name: path_parsing
      sha256: "9508ebdf1c3ac3a68ad5fb15edab8b026382999f18f77352349e56fbd74183ac"
      url: "https://pub.dev"
    source: hosted
    version: "1.0.0"
  petitparser:
    dependency: transitive
    description:
      name: petitparser
      sha256: "1a914995d4ef10c94ff183528c120d35ed43b5eaa8713fc6766a9be4570782e2"
      url: "https://pub.dev"
    source: hosted
    version: "4.4.0"
  plugin_platform_interface:
    dependency: transitive
    description:
      name: plugin_platform_interface
      sha256: "075f927ebbab4262ace8d0b283929ac5410c0ac4e7fc123c76429564facfb757"
      url: "https://pub.dev"
    source: hosted
    version: "2.1.2"
  pointycastle:
    dependency: transitive
    description:
      name: pointycastle
      sha256: "7c1e5f0d23c9016c5bbd8b1473d0d3fb3fc851b876046039509e18e0c7485f2c"
      url: "https://pub.dev"
    source: hosted
    version: "3.7.3"
  provider:
    dependency: "direct main"
    description:
      name: provider
      sha256: "7896193cf752c40ba7f7732a95264319a787871e5d628225357f5c909182bc06"
      url: "https://pub.dev"
    source: hosted
    version: "6.0.2"
  sky_engine:
    dependency: transitive
    description: flutter
    source: sdk
    version: "0.0.99"
  source_span:
    dependency: transitive
    description:
      name: source_span
      sha256: "53e943d4206a5e30df338fd4c6e7a077e02254531b138a15aec3bd143c1a8b3c"
      url: "https://pub.dev"
    source: hosted
    version: "1.10.0"
  stack_trace:
    dependency: transitive
    description:
      name: stack_trace
      sha256: c3c7d8edb15bee7f0f74debd4b9c5f3c2ea86766fe4178eb2a18eb30a0bdaed5
      url: "https://pub.dev"
    source: hosted
    version: "1.11.0"
  stream_channel:
    dependency: transitive
    description:
      name: stream_channel
      sha256: "83615bee9045c1d322bbbd1ba209b7a749c2cbcdcb3fdd1df8eb488b3279c1c8"
      url: "https://pub.dev"
    source: hosted
    version: "2.1.1"
  stream_transform:
    dependency: transitive
    description:
      name: stream_transform
      sha256: "14a00e794c7c11aa145a170587321aedce29769c08d7f58b1d141da75e3b1c6f"
      url: "https://pub.dev"
    source: hosted
    version: "2.1.0"
  string_scanner:
    dependency: transitive
    description:
      name: string_scanner
      sha256: "556692adab6cfa87322a115640c11f13cb77b3f076ddcc5d6ae3c20242bedcde"
      url: "https://pub.dev"
    source: hosted
    version: "1.2.0"
  term_glyph:
    dependency: transitive
    description:
      name: term_glyph
      sha256: a29248a84fbb7c79282b40b8c72a1209db169a2e0542bce341da992fe1bc7e84
      url: "https://pub.dev"
    source: hosted
    version: "1.2.1"
  test_api:
    dependency: transitive
    description:
      name: test_api
      sha256: "75760ffd7786fffdfb9597c35c5b27eaeec82be8edfb6d71d32651128ed7aab8"
      url: "https://pub.dev"
    source: hosted
    version: "0.6.0"
  typed_data:
    dependency: transitive
    description:
      name: typed_data
      sha256: "53bdf7e979cfbf3e28987552fd72f637e63f3c8724c9e56d9246942dc2fa36ee"
      url: "https://pub.dev"
    source: hosted
    version: "1.3.0"
  vector_math:
    dependency: transitive
    description:
      name: vector_math
      sha256: "80b3257d1492ce4d091729e3a67a60407d227c27241d6927be0130c98e741803"
      url: "https://pub.dev"
    source: hosted
    version: "2.1.4"
  weather:
    dependency: "direct main"
    description:
      name: weather
      sha256: "80642558610a8097956e603163fe648c14bb926beee52fe7cd78a44f37c53877"
      url: "https://pub.dev"
    source: hosted
    version: "2.0.1"
  web:
    dependency: transitive
    description:
      name: web
      sha256: dc8ccd225a2005c1be616fe02951e2e342092edf968cf0844220383757ef8f10
      url: "https://pub.dev"
    source: hosted
    version: "0.1.4-beta"
  xml:
    dependency: transitive
    description:
      name: xml
      sha256: baa23bcba1ba4ce4b22c0c7a1d9c861e7015cb5169512676da0b85138e72840c
      url: "https://pub.dev"
    source: hosted
    version: "5.3.1"
  yaml:
    dependency: transitive
    description:
      name: yaml
      sha256: "23812a9b125b48d4007117254bca50abb6c712352927eece9e155207b1db2370"
      url: "https://pub.dev"
    source: hosted
    version: "3.1.1"
sdks:
  dart: ">=3.1.0-185.0.dev <4.0.0"
  flutter: ">=3.3.0"
